{
  "version": 4,
  "terraform_version": "1.5.6",
  "serial": 1,
  "lineage": "0e716031-d75d-7c4e-b6f2-8f56029907a2",
  "outputs": {},
  "resources": [
    {
      "module": "module.resource-group",
      "mode": "managed",
      "type": "azurerm_resource_group",
      "name": "gsi-ne-dev-epharma-rg001",
      "provider": "provider[\"registry.terraform.io/hashicorp/azurerm\"]",
      "instances": [
        {
          "schema_version": 0,
          "attributes": {
            "id": "/subscriptions/e4d87d33-cba1-4c8a-9dcb-4de88cd3bace/resourceGroups/gsi-ne-dev-epharma-rg001",
            "location": "northeurope",
            "name": "gsi-ne-dev-epharma-rg001",
            "tags": {
              "company": "gsi",
              "environment": "dev",
              "location": "north europe",
              "project": "epharma",
              "type": "resource group"
            },
            "timeouts": {
              "create": null,
              "delete": null,
              "read": null,
              "update": null
            }
          },
          "sensitive_attributes": [],
          "private": "eyJlMmJmYjczMC1lY2FhLTExZTYtOGY4OC0zNDM2M2JjN2M0YzAiOnsiY3JlYXRlIjo1NDAwMDAwMDAwMDAwLCJkZWxldGUiOjU0MDAwMDAwMDAwMDAsInJlYWQiOjMwMDAwMDAwMDAwMCwidXBkYXRlIjo1NDAwMDAwMDAwMDAwfSwic2NoZW1hX3ZlcnNpb24iOiIwIn0="
        }
      ]
    }
  ],
  "check_results": null
}
